// !$*UTF8*$!
{
	archiveVersion = 1;
	classes = {
	};
	objectVersion = 46;
	objects = {

/* Begin PBXBuildFile section */
		C0F366E41CD7D8B300A3997F /* AppDelegate.swift in Sources */ = {isa = PBXBuildFile; fileRef = C0F366E31CD7D8B300A3997F /* AppDelegate.swift */; };
		C0F366E61CD7D8B300A3997F /* ViewController.swift in Sources */ = {isa = PBXBuildFile; fileRef = C0F366E51CD7D8B300A3997F /* ViewController.swift */; };
		C0F366E91CD7D8B300A3997F /* Main.storyboard in Resources */ = {isa = PBXBuildFile; fileRef = C0F366E71CD7D8B300A3997F /* Main.storyboard */; };
		C0F366EB1CD7D8B300A3997F /* Assets.xcassets in Resources */ = {isa = PBXBuildFile; fileRef = C0F366EA1CD7D8B300A3997F /* Assets.xcassets */; };
		C0F366EE1CD7D8B300A3997F /* LaunchScreen.storyboard in Resources */ = {isa = PBXBuildFile; fileRef = C0F366EC1CD7D8B300A3997F /* LaunchScreen.storyboard */; };
		C0F366F91CD7D8B300A3997F /* PitchPerfectTests.swift in Sources */ = {isa = PBXBuildFile; fileRef = C0F366F81CD7D8B300A3997F /* PitchPerfectTests.swift */; };
		C0F367041CD7D8B300A3997F /* PitchPerfectUITests.swift in Sources */ = {isa = PBXBuildFile; fileRef = C0F367031CD7D8B300A3997F /* PitchPerfectUITests.swift */; };
/* End PBXBuildFile section */

/* Begin PBXContainerItemProxy section */
		C0F366F51CD7D8B300A3997F /* PBXContainerItemProxy */ = {
			isa = PBXContainerItemProxy;
			containerPortal = C0F366D81CD7D8B300A3997F /* Project object */;
			proxyType = 1;
			remoteGlobalIDString = C0F366DF1CD7D8B300A3997F;
			remoteInfo = PitchPerfect;
		};
		C0F367001CD7D8B300A3997F /* PBXContainerItemProxy */ = {
			isa = PBXContainerItemProxy;
			containerPortal = C0F366D81CD7D8B300A3997F /* Project object */;
			proxyType = 1;
			remoteGlobalIDString = C0F366DF1CD7D8B300A3997F;
			remoteInfo = PitchPerfect;
		};
/* End PBXContainerItemProxy section */

/* Begin PBXFileReference section */
		C0F366E01CD7D8B300A3997F /* PitchPerfect.app */ = {isa = PBXFileReference; explicitFileType = wrapper.application; includeInIndex = 0; path = PitchPerfect.app; sourceTree = BUILT_PRODUCTS_DIR; };
		C0F366E31CD7D8B300A3997F /* AppDelegate.swift */ = {isa = PBXFileReference; lastKnownFileType = sourcecode.swift; path = AppDelegate.swift; sourceTree = "<group>"; };
		C0F366E51CD7D8B300A3997F /* ViewController.swift */ = {isa = PBXFileReference; lastKnownFileType = sourcecode.swift; path = ViewController.swift; sourceTree = "<group>"; };
		C0F366E81CD7D8B300A3997F /* Base */ = {isa = PBXFileReference; lastKnownFileType = file.storyboard; name = Base; path = Base.lproj/Main.storyboard; sourceTree = "<group>"; };
		C0F366EA1CD7D8B300A3997F /* Assets.xcassets */ = {isa = PBXFileReference; lastKnownFileType = folder.assetcatalog; path = Assets.xcassets; sourceTree = "<group>"; };
		C0F366ED1CD7D8B300A3997F /* Base */ = {isa = PBXFileReference; lastKnownFileType = file.storyboard; name = Base; path = Base.lproj/LaunchScreen.storyboard; sourceTree = "<group>"; };
		C0F366EF1CD7D8B300A3997F /* Info.plist */ = {isa = PBXFileReference; lastKnownFileType = text.plist.xml; path = Info.plist; sourceTree = "<group>"; };
		C0F366F41CD7D8B300A3997F /* PitchPerfectTests.xctest */ = {isa = PBXFileReference; explicitFileType = wrapper.cfbundle; includeInIndex = 0; path = PitchPerfectTests.xctest; sourceTree = BUILT_PRODUCTS_DIR; };
		C0F366F81CD7D8B300A3997F /* PitchPerfectTests.swift */ = {isa = PBXFileReference; lastKnownFileType = sourcecode.swift; path = PitchPerfectTests.swift; sourceTree = "<group>"; };
		C0F366FA1CD7D8B300A3997F /* Info.plist */ = {isa = PBXFileReference; lastKnownFileType = text.plist.xml; path = Info.plist; sourceTree = "<group>"; };
		C0F366FF1CD7D8B300A3997F /* PitchPerfectUITests.xctest */ = {isa = PBXFileReference; explicitFileType = wrapper.cfbundle; includeInIndex = 0; path = PitchPerfectUITests.xctest; sourceTree = BUILT_PRODUCTS_DIR; };
		C0F367031CD7D8B300A3997F /* PitchPerfectUITests.swift */ = {isa = PBXFileReference; lastKnownFileType = sourcecode.swift; path = PitchPerfectUITests.swift; sourceTree = "<group>"; };
		C0F367051CD7D8B300A3997F /* Info.plist */ = {isa = PBXFileReference; lastKnownFileType = text.plist.xml; path = Info.plist; sourceTree = "<group>"; };
/* End PBXFileReference section */

/* Begin PBXFrameworksBuildPhase section */
		C0F366DD1CD7D8B300A3997F /* Frameworks */ = {
			isa = PBXFrameworksBuildPhase;
			buildActionMask = 2147483647;
			files = (
			);
			runOnlyForDeploymentPostprocessing = 0;
		};
		C0F366F11CD7D8B300A3997F /* Frameworks */ = {
			isa = PBXFrameworksBuildPhase;
			buildActionMask = 2147483647;
			files = (
			);
			runOnlyForDeploymentPostprocessing = 0;
		};
		C0F366FC1CD7D8B300A3997F /* Frameworks */ = {
			isa = PBXFrameworksBuildPhase;
			buildActionMask = 2147483647;
			files = (
			);
			runOnlyForDeploymentPostprocessing = 0;
		};
/* End PBXFrameworksBuildPhase section */

/* Begin PBXGroup section */
		C0F366D71CD7D8B300A3997F = {
			isa = PBXGroup;
			children = (
				C0F366E21CD7D8B300A3997F /* PitchPerfect */,
				C0F366F71CD7D8B300A3997F /* PitchPerfectTests */,
				C0F367021CD7D8B300A3997F /* PitchPerfectUITests */,
				C0F366E11CD7D8B300A3997F /* Products */,
			);
			sourceTree = "<group>";
		};
		C0F366E11CD7D8B300A3997F /* Products */ = {
			isa = PBXGroup;
			children = (
				C0F366E01CD7D8B300A3997F /* PitchPerfect.app */,
				C0F366F41CD7D8B300A3997F /* PitchPerfectTests.xctest */,
				C0F366FF1CD7D8B300A3997F /* PitchPerfectUITests.xctest */,
			);
			name = Products;
			sourceTree = "<group>";
		};
		C0F366E21CD7D8B300A3997F /* PitchPerfect */ = {
			isa = PBXGroup;
			children = (
				C0F366E31CD7D8B300A3997F /* AppDelegate.swift */,
				C0F366E51CD7D8B300A3997F /* ViewController.swift */,
				C0F366E71CD7D8B300A3997F /* Main.storyboard */,
				C0F366EA1CD7D8B300A3997F /* Assets.xcassets */,
				C0F366EC1CD7D8B300A3997F /* LaunchScreen.storyboard */,
				C0F366EF1CD7D8B300A3997F /* Info.plist */,
			);
			path = PitchPerfect;
			sourceTree = "<group>";
		};
		C0F366F71CD7D8B300A3997F /* PitchPerfectTests */ = {
			isa = PBXGroup;
			children = (
				C0F366F81CD7D8B300A3997F /* PitchPerfectTests.swift */,
				C0F366FA1CD7D8B300A3997F /* Info.plist */,
			);
			path = PitchPerfectTests;
			sourceTree = "<group>";
		};
		C0F367021CD7D8B300A3997F /* PitchPerfectUITests */ = {
			isa = PBXGroup;
			children = (
				C0F367031CD7D8B300A3997F /* PitchPerfectUITests.swift */,
				C0F367051CD7D8B300A3997F /* Info.plist */,
			);
			path = PitchPerfectUITests;
			sourceTree = "<group>";
		};
/* End PBXGroup section */

/* Begin PBXNativeTarget section */
		C0F366DF1CD7D8B300A3997F /* PitchPerfect */ = {
			isa = PBXNativeTarget;
			buildConfigurationList = C0F367081CD7D8B300A3997F /* Build configuration list for PBXNativeTarget "PitchPerfect" */;
			buildPhases = (
				C0F366DC1CD7D8B300A3997F /* Sources */,
				C0F366DD1CD7D8B300A3997F /* Frameworks */,
				C0F366DE1CD7D8B300A3997F /* Resources */,
			);
			buildRules = (
			);
			dependencies = (
			);
			name = PitchPerfect;
			productName = PitchPerfect;
			productReference = C0F366E01CD7D8B300A3997F /* PitchPerfect.app */;
			productType = "com.apple.product-type.application";
		};
		C0F366F31CD7D8B300A3997F /* PitchPerfectTests */ = {
			isa = PBXNativeTarget;
			buildConfigurationList = C0F3670B1CD7D8B300A3997F /* Build configuration list for PBXNativeTarget "PitchPerfectTests" */;
			buildPhases = (
				C0F366F01CD7D8B300A3997F /* Sources */,
				C0F366F11CD7D8B300A3997F /* Frameworks */,
				C0F366F21CD7D8B300A3997F /* Resources */,
			);
			buildRules = (
			);
			dependencies = (
				C0F366F61CD7D8B300A3997F /* PBXTargetDependency */,
			);
			name = PitchPerfectTests;
			productName = PitchPerfectTests;
			productReference = C0F366F41CD7D8B300A3997F /* PitchPerfectTests.xctest */;
			productType = "com.apple.product-type.bundle.unit-test";
		};
		C0F366FE1CD7D8B300A3997F /* PitchPerfectUITests */ = {
			isa = PBXNativeTarget;
			buildConfigurationList = C0F3670E1CD7D8B300A3997F /* Build configuration list for PBXNativeTarget "PitchPerfectUITests" */;
			buildPhases = (
				C0F366FB1CD7D8B300A3997F /* Sources */,
				C0F366FC1CD7D8B300A3997F /* Frameworks */,
				C0F366FD1CD7D8B300A3997F /* Resources */,
			);
			buildRules = (
			);
			dependencies = (
				C0F367011CD7D8B300A3997F /* PBXTargetDependency */,
			);
			name = PitchPerfectUITests;
			productName = PitchPerfectUITests;
			productReference = C0F366FF1CD7D8B300A3997F /* PitchPerfectUITests.xctest */;
			productType = "com.apple.product-type.bundle.ui-testing";
		};
/* End PBXNativeTarget section */

/* Begin PBXProject section */
		C0F366D81CD7D8B300A3997F /* Project object */ = {
			isa = PBXProject;
			attributes = {
				LastSwiftUpdateCheck = 0720;
				LastUpgradeCheck = 0720;
				ORGANIZATIONNAME = Agrawal;
				TargetAttributes = {
					C0F366DF1CD7D8B300A3997F = {
						CreatedOnToolsVersion = 7.2.1;
					};
					C0F366F31CD7D8B300A3997F = {
						CreatedOnToolsVersion = 7.2.1;
						TestTargetID = C0F366DF1CD7D8B300A3997F;
					};
					C0F366FE1CD7D8B300A3997F = {
						CreatedOnToolsVersion = 7.2.1;
						TestTargetID = C0F366DF1CD7D8B300A3997F;
					};
				};
			};
			buildConfigurationList = C0F366DB1CD7D8B300A3997F /* Build configuration list for PBXProject "PitchPerfect" */;
			compatibilityVersion = "Xcode 3.2";
			developmentRegion = English;
			hasScannedForEncodings = 0;
			knownRegions = (
				en,
				Base,
			);
			mainGroup = C0F366D71CD7D8B300A3997F;
			productRefGroup = C0F366E11CD7D8B300A3997F /* Products */;
			projectDirPath = "";
			projectRoot = "";
			targets = (
				C0F366DF1CD7D8B300A3997F /* PitchPerfect */,
				C0F366F31CD7D8B300A3997F /* PitchPerfectTests */,
				C0F366FE1CD7D8B300A3997F /* PitchPerfectUITests */,
			);
		};
/* End PBXProject section */

/* Begin PBXResourcesBuildPhase section */
		C0F366DE1CD7D8B300A3997F /* Resources */ = {
			isa = PBXResourcesBuildPhase;
			buildActionMask = 2147483647;
			files = (
				C0F366EE1CD7D8B300A3997F /* LaunchScreen.storyboard in Resources */,
				C0F366EB1CD7D8B300A3997F /* Assets.xcassets in Resources */,
				C0F366E91CD7D8B300A3997F /* Main.storyboard in Resources */,
			);
			runOnlyForDeploymentPostprocessing = 0;
		};
		C0F366F21CD7D8B300A3997F /* Resources */ = {
			isa = PBXResourcesBuildPhase;
			buildActionMask = 2147483647;
			files = (
			);
			runOnlyForDeploymentPostprocessing = 0;
		};
		C0F366FD1CD7D8B300A3997F /* Resources */ = {
			isa = PBXResourcesBuildPhase;
			buildActionMask = 2147483647;
			files = (
			);
			runOnlyForDeploymentPostprocessing = 0;
		};
/* End PBXResourcesBuildPhase section */

/* Begin PBXSourcesBuildPhase section */
		C0F366DC1CD7D8B300A3997F /* Sources */ = {
			isa = PBXSourcesBuildPhase;
			buildActionMask = 2147483647;
			files = (
				C0F366E61CD7D8B300A3997F /* ViewController.swift in Sources */,
				C0F366E41CD7D8B300A3997F /* AppDelegate.swift in Sources */,
			);
			runOnlyForDeploymentPostprocessing = 0;
		};
		C0F366F01CD7D8B300A3997F /* Sources */ = {
			isa = PBXSourcesBuildPhase;
			buildActionMask = 2147483647;
			files = (
				C0F366F91CD7D8B300A3997F /* PitchPerfectTests.swift in Sources */,
			);
			runOnlyForDeploymentPostprocessing = 0;
		};
		C0F366FB1CD7D8B300A3997F /* Sources */ = {
			isa = PBXSourcesBuildPhase;
			buildActionMask = 2147483647;
			files = (
				C0F367041CD7D8B300A3997F /* PitchPerfectUITests.swift in Sources */,
			);
			runOnlyForDeploymentPostprocessing = 0;
		};
/* End PBXSourcesBuildPhase section */

/* Begin PBXTargetDependency section */
		C0F366F61CD7D8B300A3997F /* PBXTargetDependency */ = {
			isa = PBXTargetDependency;
			target = C0F366DF1CD7D8B300A3997F /* PitchPerfect */;
			targetProxy = C0F366F51CD7D8B300A3997F /* PBXContainerItemProxy */;
		};
		C0F367011CD7D8B300A3997F /* PBXTargetDependency */ = {
			isa = PBXTargetDependency;
			target = C0F366DF1CD7D8B300A3997F /* PitchPerfect */;
			targetProxy = C0F367001CD7D8B300A3997F /* PBXContainerItemProxy */;
		};
/* End PBXTargetDependency section */

/* Begin PBXVariantGroup section */
		C0F366E71CD7D8B300A3997F /* Main.storyboard */ = {
			isa = PBXVariantGroup;
			children = (
				C0F366E81CD7D8B300A3997F /* Base */,
			);
			name = Main.storyboard;
			sourceTree = "<group>";
		};
		C0F366EC1CD7D8B300A3997F /* LaunchScreen.storyboard */ = {
			isa = PBXVariantGroup;
			children = (
				C0F366ED1CD7D8B300A3997F /* Base */,
			);
			name = LaunchScreen.storyboard;
			sourceTree = "<group>";
		};
/* End PBXVariantGroup section */

/* Begin XCBuildConfiguration section */
		C0F367061CD7D8B300A3997F /* Debug */ = {
			isa = XCBuildConfiguration;
			buildSettings = {
				ALWAYS_SEARCH_USER_PATHS = NO;
				CLANG_CXX_LANGUAGE_STANDARD = "gnu++0x";
				CLANG_CXX_LIBRARY = "libc++";
				CLANG_ENABLE_MODULES = YES;
				CLANG_ENABLE_OBJC_ARC = YES;
				CLANG_WARN_BOOL_CONVERSION = YES;
				CLANG_WARN_CONSTANT_CONVERSION = YES;
				CLANG_WARN_DIRECT_OBJC_ISA_USAGE = YES_ERROR;
				CLANG_WARN_EMPTY_BODY = YES;
				CLANG_WARN_ENUM_CONVERSION = YES;
				CLANG_WARN_INT_CONVERSION = YES;
				CLANG_WARN_OBJC_ROOT_CLASS = YES_ERROR;
				CLANG_WARN_UNREACHABLE_CODE = YES;
				CLANG_WARN__DUPLICATE_METHOD_MATCH = YES;
				"CODE_SIGN_IDENTITY[sdk=iphoneos*]" = "iPhone Developer";
				COPY_PHASE_STRIP = NO;
				DEBUG_INFORMATION_FORMAT = dwarf;
				ENABLE_STRICT_OBJC_MSGSEND = YES;
				ENABLE_TESTABILITY = YES;
				GCC_C_LANGUAGE_STANDARD = gnu99;
				GCC_DYNAMIC_NO_PIC = NO;
				GCC_NO_COMMON_BLOCKS = YES;
				GCC_OPTIMIZATION_LEVEL = 0;
				GCC_PREPROCESSOR_DEFINITIONS = (
					"DEBUG=1",
					"$(inherited)",
				);
				GCC_WARN_64_TO_32_BIT_CONVERSION = YES;
				GCC_WARN_ABOUT_RETURN_TYPE = YES_ERROR;
				GCC_WARN_UNDECLARED_SELECTOR = YES;
				GCC_WARN_UNINITIALIZED_AUTOS = YES_AGGRESSIVE;
				GCC_WARN_UNUSED_FUNCTION = YES;
				GCC_WARN_UNUSED_VARIABLE = YES;
				IPHONEOS_DEPLOYMENT_TARGET = 9.2;
				MTL_ENABLE_DEBUG_INFO = YES;
				ONLY_ACTIVE_ARCH = YES;
				SDKROOT = iphoneos;
				SWIFT_OPTIMIZATION_LEVEL = "-Onone";
				TARGETED_DEVICE_FAMILY = "1,2";
			};
			name = Debug;
		};
		C0F367071CD7D8B300A3997F /* Release */ = {
			isa = XCBuildConfiguration;
			buildSettings = {
				ALWAYS_SEARCH_USER_PATHS = NO;
				CLANG_CXX_LANGUAGE_STANDARD = "gnu++0x";
				CLANG_CXX_LIBRARY = "libc++";
				CLANG_ENABLE_MODULES = YES;
				CLANG_ENABLE_OBJC_ARC = YES;
				CLANG_WARN_BOOL_CONVERSION = YES;
				CLANG_WARN_CONSTANT_CONVERSION = YES;
				CLANG_WARN_DIRECT_OBJC_ISA_USAGE = YES_ERROR;
				CLANG_WARN_EMPTY_BODY = YES;
				CLANG_WARN_ENUM_CONVERSION = YES;
				CLANG_WARN_INT_CONVERSION = YES;
				CLANG_WARN_OBJC_ROOT_CLASS = YES_ERROR;
				CLANG_WARN_UNREACHABLE_CODE = YES;
				CLANG_WARN__DUPLICATE_METHOD_MATCH = YES;
				"CODE_SIGN_IDENTITY[sdk=iphoneos*]" = "iPhone Developer";
				COPY_PHASE_STRIP = NO;
				DEBUG_INFORMATION_FORMAT = "dwarf-with-dsym";
				ENABLE_NS_ASSERTIONS = NO;
				ENABLE_STRICT_OBJC_MSGSEND = YES;
				GCC_C_LANGUAGE_STANDARD = gnu99;
				GCC_NO_COMMON_BLOCKS = YES;
				GCC_WARN_64_TO_32_BIT_CONVERSION = YES;
				GCC_WARN_ABOUT_RETURN_TYPE = YES_ERROR;
				GCC_WARN_UNDECLARED_SELECTOR = YES;
				GCC_WARN_UNINITIALIZED_AUTOS = YES_AGGRESSIVE;
				GCC_WARN_UNUSED_FUNCTION = YES;
				GCC_WARN_UNUSED_VARIABLE = YES;
				IPHONEOS_DEPLOYMENT_TARGET = 9.2;
				MTL_ENABLE_DEBUG_INFO = NO;
				SDKROOT = iphoneos;
				TARGETED_DEVICE_FAMILY = "1,2";
				VALIDATE_PRODUCT = YES;
			};
			name = Release;
		};
		C0F367091CD7D8B300A3997F /* Debug */ = {
			isa = XCBuildConfiguration;
			buildSettings = {
				ASSETCATALOG_COMPILER_APPICON_NAME = AppIcon;
				INFOPLIST_FILE = PitchPerfect/Info.plist;
				LD_RUNPATH_SEARCH_PATHS = "$(inherited) @executable_path/Frameworks";
				PRODUCT_BUNDLE_IDENTIFIER = com.agrawal.PitchPerfect;
				PRODUCT_NAME = "$(TARGET_NAME)";
			};
			name = Debug;
		};
		C0F3670A1CD7D8B300A3997F /* Release */ = {
			isa = XCBuildConfiguration;
			buildSettings = {
				ASSETCATALOG_COMPILER_APPICON_NAME = AppIcon;
				INFOPLIST_FILE = PitchPerfect/Info.plist;
				LD_RUNPATH_SEARCH_PATHS = "$(inherited) @executable_path/Frameworks";
				PRODUCT_BUNDLE_IDENTIFIER = com.agrawal.PitchPerfect;
				PRODUCT_NAME = "$(TARGET_NAME)";
			};
			name = Release;
		};
		C0F3670C1CD7D8B300A3997F /* Debug */ = {
			isa = XCBuildConfiguration;
			buildSettings = {
				BUNDLE_LOADER = "$(TEST_HOST)";
				INFOPLIST_FILE = PitchPerfectTests/Info.plist;
				LD_RUNPATH_SEARCH_PATHS = "$(inherited) @executable_path/Frameworks @loader_path/Frameworks";
				PRODUCT_BUNDLE_IDENTIFIER = com.agrawal.PitchPerfectTests;
				PRODUCT_NAME = "$(TARGET_NAME)";
				TEST_HOST = "$(BUILT_PRODUCTS_DIR)/PitchPerfect.app/PitchPerfect";
			};
			name = Debug;
		};
		C0F3670D1CD7D8B300A3997F /* Release */ = {
			isa = XCBuildConfiguration;
			buildSettings = {
				BUNDLE_LOADER = "$(TEST_HOST)";
				INFOPLIST_FILE = PitchPerfectTests/Info.plist;
				LD_RUNPATH_SEARCH_PATHS = "$(inherited) @executable_path/Frameworks @loader_path/Frameworks";
				PRODUCT_BUNDLE_IDENTIFIER = com.agrawal.PitchPerfectTests;
				PRODUCT_NAME = "$(TARGET_NAME)";
				TEST_HOST = "$(BUILT_PRODUCTS_DIR)/PitchPerfect.app/PitchPerfect";
			};
			name = Release;
		};
		C0F3670F1CD7D8B300A3997F /* Debug */ = {
			isa = XCBuildConfiguration;
			buildSettings = {
				INFOPLIST_FILE = PitchPerfectUITests/Info.plist;
				LD_RUNPATH_SEARCH_PATHS = "$(inherited) @executable_path/Frameworks @loader_path/Frameworks";
				PRODUCT_BUNDLE_IDENTIFIER = com.agrawal.PitchPerfectUITests;
				PRODUCT_NAME = "$(TARGET_NAME)";
				TEST_TARGET_NAME = PitchPerfect;
				USES_XCTRUNNER = YES;
			};
			name = Debug;
		};
		C0F367101CD7D8B300A3997F /* Release */ = {
			isa = XCBuildConfiguration;
			buildSettings = {
				INFOPLIST_FILE = PitchPerfectUITests/Info.plist;
				LD_RUNPATH_SEARCH_PATHS = "$(inherited) @executable_path/Frameworks @loader_path/Frameworks";
				PRODUCT_BUNDLE_IDENTIFIER = com.agrawal.PitchPerfectUITests;
				PRODUCT_NAME = "$(TARGET_NAME)";
				TEST_TARGET_NAME = PitchPerfect;
				USES_XCTRUNNER = YES;
			};
			name = Release;
		};
/* End XCBuildConfiguration section */

/* Begin XCConfigurationList section */
		C0F366DB1CD7D8B300A3997F /* Build configuration list for PBXProject "PitchPerfect" */ = {
			isa = XCConfigurationList;
			buildConfigurations = (
				C0F367061CD7D8B300A3997F /* Debug */,
				C0F367071CD7D8B300A3997F /* Release */,
			);
			defaultConfigurationIsVisible = 0;
			defaultConfigurationName = Release;
		};
		C0F367081CD7D8B300A3997F /* Build configuration list for PBXNativeTarget "PitchPerfect" */ = {
			isa = XCConfigurationList;
			buildConfigurations = (
				C0F367091CD7D8B300A3997F /* Debug */,
				C0F3670A1CD7D8B300A3997F /* Release */,
			);
			defaultConfigurationIsVisible = 0;
		};
		C0F3670B1CD7D8B300A3997F /* Build configuration list for PBXNativeTarget "PitchPerfectTests" */ = {
			isa = XCConfigurationList;
			buildConfigurations = (
				C0F3670C1CD7D8B300A3997F /* Debug */,
				C0F3670D1CD7D8B300A3997F /* Release */,
			);
			defaultConfigurationIsVisible = 0;
		};
		C0F3670E1CD7D8B300A3997F /* Build configuration list for PBXNativeTarget "PitchPerfectUITests" */ = {
			isa = XCConfigurationList;
			buildConfigurations = (
				C0F3670F1CD7D8B300A3997F /* Debug */,
				C0F367101CD7D8B300A3997F /* Release */,
			);
			defaultConfigurationIsVisible = 0;
		};
/* End XCConfigurationList section */
	};
	rootObject = C0F366D81CD7D8B300A3997F /* Project object */;
}
